{
    "_meta": {
        "hash": {
            "sha256": "72e2430a73179be24c35be587eb173a1f72bc7f2f8c0feda23b8adcbdf868c7f"
        },
        "pipfile-spec": 6,
        "requires": {
            "python_version": "3.9"
        },
        "sources": [
            {
                "name": "pypi",
                "url": "https://pypi.org/simple",
                "verify_ssl": true
            }
        ]
    },
    "default": {
        "lizard": {
            "hashes": [
                "sha256:09df01b1b1a740afb94334e020f31333f57548e02340a619476b63eafbfb2251",
                "sha256:d08e7afb4534fc326401ede2d5aace027757fb1a9deb3cc9f8e7f4339983c630"
            ],
            "index": "pypi",
            "version": "==1.17.7"
        },
        "octokit": {
            "hashes": [
                "sha256:0d466f133c7a8ec050402e1062525632a7fef120c13f7c20dfe3737141457def",
                "sha256:7dd4dc79309e486d9c58a8eeeb5a254628057382ca11358f8f661287cd89205f"
            ],
            "index": "pypi",
            "version": "==0.0.1"
        }
    },
    "develop": {}
}
